
Microsoft Visual Studio Solution File, Format Version 12.00
# Visual Studio Version 17
VisualStudioVersion = 17.3.32922.545
MinimumVisualStudioVersion = 10.0.40219.1
Project("{8BC9CEB8-8B4A-11D0-8D11-00A0C91BC942}") = "5. string_convertion_to_Camel_Pascal_Naming_convention", "5. string_convertion_to_Camel_Pascal_Naming_convention.vcxproj", "{7248D406-7126-4D21-8416-F85885C30141}"
EndProject
Global
	GlobalSection(SolutionConfigurationPlatforms) = preSolution
		Debug|x64 = Debug|x64
		Debug|x86 = Debug|x86
		Release|x64 = Release|x64
		Release|x86 = Release|x86
	EndGlobalSection
	GlobalSection(ProjectConfigurationPlatforms) = postSolution
		{7248D406-7126-4D21-8416-F85885C30141}.Debug|x64.ActiveCfg = Debug|x64
		{7248D406-7126-4D21-8416-F85885C30141}.Debug|x64.Build.0 = Debug|x64
		{7248D406-7126-4D21-8416-F85885C30141}.Debug|x86.ActiveCfg = Debug|Win32
		{7248D406-7126-4D21-8416-F85885C30141}.Debug|x86.Build.0 = Debug|Win32
		{7248D406-7126-4D21-8416-F85885C30141}.Release|x64.ActiveCfg = Release|x64
		{7248D406-7126-4D21-8416-F85885C30141}.Release|x64.Build.0 = Release|x64
		{7248D406-7126-4D21-8416-F85885C30141}.Release|x86.ActiveCfg = Release|Win32
		{7248D406-7126-4D21-8416-F85885C30141}.Release|x86.Build.0 = Release|Win32
	EndGlobalSection
	GlobalSection(SolutionProperties) = preSolution
		HideSolutionNode = FALSE
	EndGlobalSection
	GlobalSection(ExtensibilityGlobals) = postSolution
		SolutionGuid = {51E7EE95-84A7-4598-B98B-28B498D1577D}
	EndGlobalSection
EndGlobal
