
Microsoft Visual Studio Solution File, Format Version 12.00
# Visual Studio Version 17
VisualStudioVersion = 17.3.32922.545
MinimumVisualStudioVersion = 10.0.40219.1
Project("{8BC9CEB8-8B4A-11D0-8D11-00A0C91BC942}") = "2.the_FOR_statement_part1", "2.the_FOR_statement.vcxproj", "{E01BDC5B-B8E7-4452-84FE-7B29DA04B881}"
EndProject
Project("{8BC9CEB8-8B4A-11D0-8D11-00A0C91BC942}") = "3.the_FOR_statement_part2", "..\eurodoll\eurodoll.vcxproj", "{51C0F3F4-124D-4CA8-94FA-DB41B8359539}"
EndProject
Global
	GlobalSection(SolutionConfigurationPlatforms) = preSolution
		Debug|x64 = Debug|x64
		Debug|x86 = Debug|x86
		Release|x64 = Release|x64
		Release|x86 = Release|x86
	EndGlobalSection
	GlobalSection(ProjectConfigurationPlatforms) = postSolution
		{E01BDC5B-B8E7-4452-84FE-7B29DA04B881}.Debug|x64.ActiveCfg = Debug|x64
		{E01BDC5B-B8E7-4452-84FE-7B29DA04B881}.Debug|x64.Build.0 = Debug|x64
		{E01BDC5B-B8E7-4452-84FE-7B29DA04B881}.Debug|x86.ActiveCfg = Debug|Win32
		{E01BDC5B-B8E7-4452-84FE-7B29DA04B881}.Debug|x86.Build.0 = Debug|Win32
		{E01BDC5B-B8E7-4452-84FE-7B29DA04B881}.Release|x64.ActiveCfg = Release|x64
		{E01BDC5B-B8E7-4452-84FE-7B29DA04B881}.Release|x64.Build.0 = Release|x64
		{E01BDC5B-B8E7-4452-84FE-7B29DA04B881}.Release|x86.ActiveCfg = Release|Win32
		{E01BDC5B-B8E7-4452-84FE-7B29DA04B881}.Release|x86.Build.0 = Release|Win32
		{51C0F3F4-124D-4CA8-94FA-DB41B8359539}.Debug|x64.ActiveCfg = Debug|x64
		{51C0F3F4-124D-4CA8-94FA-DB41B8359539}.Debug|x64.Build.0 = Debug|x64
		{51C0F3F4-124D-4CA8-94FA-DB41B8359539}.Debug|x86.ActiveCfg = Debug|Win32
		{51C0F3F4-124D-4CA8-94FA-DB41B8359539}.Debug|x86.Build.0 = Debug|Win32
		{51C0F3F4-124D-4CA8-94FA-DB41B8359539}.Release|x64.ActiveCfg = Release|x64
		{51C0F3F4-124D-4CA8-94FA-DB41B8359539}.Release|x64.Build.0 = Release|x64
		{51C0F3F4-124D-4CA8-94FA-DB41B8359539}.Release|x86.ActiveCfg = Release|Win32
		{51C0F3F4-124D-4CA8-94FA-DB41B8359539}.Release|x86.Build.0 = Release|Win32
	EndGlobalSection
	GlobalSection(SolutionProperties) = preSolution
		HideSolutionNode = FALSE
	EndGlobalSection
	GlobalSection(ExtensibilityGlobals) = postSolution
		SolutionGuid = {3DF37735-8B63-44D2-BECC-2A4371058D1E}
	EndGlobalSection
EndGlobal
