
Microsoft Visual Studio Solution File, Format Version 12.00
# Visual Studio Version 17
VisualStudioVersion = 17.3.32922.545
MinimumVisualStudioVersion = 10.0.40219.1
Project("{8BC9CEB8-8B4A-11D0-8D11-00A0C91BC942}") = "4.Unions", "4.Unions.vcxproj", "{AE35B8D4-8AC4-4EC0-A445-5E892857C301}"
EndProject
Global
	GlobalSection(SolutionConfigurationPlatforms) = preSolution
		Debug|x64 = Debug|x64
		Debug|x86 = Debug|x86
		Release|x64 = Release|x64
		Release|x86 = Release|x86
	EndGlobalSection
	GlobalSection(ProjectConfigurationPlatforms) = postSolution
		{AE35B8D4-8AC4-4EC0-A445-5E892857C301}.Debug|x64.ActiveCfg = Debug|x64
		{AE35B8D4-8AC4-4EC0-A445-5E892857C301}.Debug|x64.Build.0 = Debug|x64
		{AE35B8D4-8AC4-4EC0-A445-5E892857C301}.Debug|x86.ActiveCfg = Debug|Win32
		{AE35B8D4-8AC4-4EC0-A445-5E892857C301}.Debug|x86.Build.0 = Debug|Win32
		{AE35B8D4-8AC4-4EC0-A445-5E892857C301}.Release|x64.ActiveCfg = Release|x64
		{AE35B8D4-8AC4-4EC0-A445-5E892857C301}.Release|x64.Build.0 = Release|x64
		{AE35B8D4-8AC4-4EC0-A445-5E892857C301}.Release|x86.ActiveCfg = Release|Win32
		{AE35B8D4-8AC4-4EC0-A445-5E892857C301}.Release|x86.Build.0 = Release|Win32
	EndGlobalSection
	GlobalSection(SolutionProperties) = preSolution
		HideSolutionNode = FALSE
	EndGlobalSection
	GlobalSection(ExtensibilityGlobals) = postSolution
		SolutionGuid = {50B35C97-4473-42B7-880E-B76B6D28B0B3}
	EndGlobalSection
EndGlobal
